{
  "action: remove_modular_gem\nreason: \"rack-openid2.gemspec owns this style dependency.\"": [
    {
      "file": ".structuredmerge/kettle-jem.yml",
      "lines": [
        103,
        108,
        113,
        118
      ]
    }
  ],
  "direct: rack-openid2.gemspec\nmodular: gemfiles/modular/style.gemfile": [
    {
      "file": ".structuredmerge/kettle-jem.yml",
      "lines": [
        101,
        106,
        111,
        116
      ]
    }
  ],
  "modular: gemfiles/modular/style.gemfile\naction: remove_modular_gem": [
    {
      "file": ".structuredmerge/kettle-jem.yml",
      "lines": [
        102,
        107,
        112,
        117
      ]
    }
  ]
}
