{
  "gemfiles/modular/templating.gemfile:3018447732": [
    [14, 3, 47, "Bundler/DuplicatedGem: Gem `tree_sitter_language_pack` requirements already given on line 10 of the Gemfile.", 3843603197]
  ],
  "lib/rack/openid.rb:2221114673": [
    [108, 32, 35, "Style/SafeNavigation: Use safe navigation (`&.`) instead of checking if an object exists before calling the method.", 3827955158]
  ],
  "spec/rack/openid/version_spec.rb:388211314": [
    [5, 1, 36, "RSpec/SpecFilePathFormat: Spec path should end with `rack/open_id/version*_spec.rb`.", 1078405705]
  ]
}
